
Microsoft Visual Studio Solution File, Format Version 12.00
# Visual Studio Version 16
VisualStudioVersion = 16.0.30320.27
MinimumVisualStudioVersion = 10.0.40219.1
Project("{9A19103F-16F7-4668-BE54-9A1E7A4F7556}") = "ConsoleApp1", "ConsoleApp1\ConsoleApp1.csproj", "{94EE13B5-9C35-4686-94AE-40A94F3C778A}"
EndProject
Project("{2150E333-8FDC-42A3-9474-1A3956D46DE8}") = "Solution Items", "Solution Items", "{67512256-CFC2-4E1B-A12D-5C667857543B}"
	ProjectSection(SolutionItems) = preProject
		Notes.txt = Notes.txt
	EndProjectSection
EndProject
Project("{9A19103F-16F7-4668-BE54-9A1E7A4F7556}") = "ConsoleApp2", "ConsoleApp2\ConsoleApp2.csproj", "{7F0AC8F5-408D-4582-AB85-531BF80E5C19}"
EndProject
Project("{FAE04EC0-301F-11D3-BF4B-00C04F79EFBC}") = "ConsoleApp3", "ConsoleApp3\ConsoleApp3.csproj", "{B6A49853-8901-4AF5-B5E8-851105BE3030}"
EndProject
Project("{FAE04EC0-301F-11D3-BF4B-00C04F79EFBC}") = "ConsoleApp4", "ConsoleApp4\ConsoleApp4.csproj", "{9C6A5575-D3AE-4CB4-AF71-4577A8AB4703}"
EndProject
Global
	GlobalSection(SolutionConfigurationPlatforms) = preSolution
		Debug|Any CPU = Debug|Any CPU
		Release|Any CPU = Release|Any CPU
	EndGlobalSection
	GlobalSection(ProjectConfigurationPlatforms) = postSolution
		{94EE13B5-9C35-4686-94AE-40A94F3C778A}.Debug|Any CPU.ActiveCfg = Debug|Any CPU
		{94EE13B5-9C35-4686-94AE-40A94F3C778A}.Debug|Any CPU.Build.0 = Debug|Any CPU
		{94EE13B5-9C35-4686-94AE-40A94F3C778A}.Release|Any CPU.ActiveCfg = Release|Any CPU
		{94EE13B5-9C35-4686-94AE-40A94F3C778A}.Release|Any CPU.Build.0 = Release|Any CPU
		{7F0AC8F5-408D-4582-AB85-531BF80E5C19}.Debug|Any CPU.ActiveCfg = Debug|Any CPU
		{7F0AC8F5-408D-4582-AB85-531BF80E5C19}.Debug|Any CPU.Build.0 = Debug|Any CPU
		{7F0AC8F5-408D-4582-AB85-531BF80E5C19}.Release|Any CPU.ActiveCfg = Release|Any CPU
		{7F0AC8F5-408D-4582-AB85-531BF80E5C19}.Release|Any CPU.Build.0 = Release|Any CPU
		{B6A49853-8901-4AF5-B5E8-851105BE3030}.Debug|Any CPU.ActiveCfg = Debug|Any CPU
		{B6A49853-8901-4AF5-B5E8-851105BE3030}.Debug|Any CPU.Build.0 = Debug|Any CPU
		{B6A49853-8901-4AF5-B5E8-851105BE3030}.Release|Any CPU.ActiveCfg = Release|Any CPU
		{B6A49853-8901-4AF5-B5E8-851105BE3030}.Release|Any CPU.Build.0 = Release|Any CPU
		{9C6A5575-D3AE-4CB4-AF71-4577A8AB4703}.Debug|Any CPU.ActiveCfg = Debug|Any CPU
		{9C6A5575-D3AE-4CB4-AF71-4577A8AB4703}.Debug|Any CPU.Build.0 = Debug|Any CPU
		{9C6A5575-D3AE-4CB4-AF71-4577A8AB4703}.Release|Any CPU.ActiveCfg = Release|Any CPU
		{9C6A5575-D3AE-4CB4-AF71-4577A8AB4703}.Release|Any CPU.Build.0 = Release|Any CPU
	EndGlobalSection
	GlobalSection(SolutionProperties) = preSolution
		HideSolutionNode = FALSE
	EndGlobalSection
	GlobalSection(ExtensibilityGlobals) = postSolution
		SolutionGuid = {D11A00C4-D683-423C-AB8C-E89BB41B590D}
	EndGlobalSection
EndGlobal
